
Microsoft Visual Studio Solution File, Format Version 12.00
# Visual Studio Version 17
VisualStudioVersion = 17.14.36414.22 d17.14
MinimumVisualStudioVersion = 10.0.40219.1
Project("{FAE04EC0-301F-11D3-BF4B-00C04F79EFBC}") = "Course1", "Course1\Course1.csproj", "{995C7265-2F38-4DDD-804D-74ED8E4F2832}"
EndProject
Global
	GlobalSection(SolutionConfigurationPlatforms) = preSolution
		Debug|Any CPU = Debug|Any CPU
		Release|Any CPU = Release|Any CPU
	EndGlobalSection
	GlobalSection(ProjectConfigurationPlatforms) = postSolution
		{995C7265-2F38-4DDD-804D-74ED8E4F2832}.Debug|Any CPU.ActiveCfg = Debug|Any CPU
		{995C7265-2F38-4DDD-804D-74ED8E4F2832}.Debug|Any CPU.Build.0 = Debug|Any CPU
		{995C7265-2F38-4DDD-804D-74ED8E4F2832}.Release|Any CPU.ActiveCfg = Release|Any CPU
		{995C7265-2F38-4DDD-804D-74ED8E4F2832}.Release|Any CPU.Build.0 = Release|Any CPU
	EndGlobalSection
	GlobalSection(SolutionProperties) = preSolution
		HideSolutionNode = FALSE
	EndGlobalSection
	GlobalSection(ExtensibilityGlobals) = postSolution
		SolutionGuid = {84F21D89-5106-4444-BF97-8E8727CDC47B}
	EndGlobalSection
EndGlobal
